
Microsoft Visual Studio Solution File, Format Version 11.0
# Visual Studio 2010
Project("{FAE04EC0-301F-11D3-BF4B-00C04F79EFBC}") = "UnityVS.unity_epson-200.CSharp", "UnityVS.unity_epson-200.CSharp.csproj", "{B5E76A2A-5EAA-5315-6C3B-8AE5804186B4}"
EndProject
Project("{FAE04EC0-301F-11D3-BF4B-00C04F79EFBC}") = "UnityVS.unity_epson-200.CSharp.Editor", "UnityVS.unity_epson-200.CSharp.Editor.csproj", "{A8FE7397-4FDA-DBAC-A28B-733BD9984A75}"
EndProject
Global
	GlobalSection(SolutionConfigurationPlatforms) = preSolution
		Debug|Any CPU = Debug|Any CPU
		Release|Any CPU = Release|Any CPU
	EndGlobalSection
	GlobalSection(ProjectConfigurationPlatforms) = postSolution
		{B5E76A2A-5EAA-5315-6C3B-8AE5804186B4}.Debug|Any CPU.ActiveCfg = Debug|Any CPU
		{B5E76A2A-5EAA-5315-6C3B-8AE5804186B4}.Debug|Any CPU.Build.0 = Debug|Any CPU
		{B5E76A2A-5EAA-5315-6C3B-8AE5804186B4}.Release|Any CPU.ActiveCfg = Release|Any CPU
		{B5E76A2A-5EAA-5315-6C3B-8AE5804186B4}.Release|Any CPU.Build.0 = Release|Any CPU
		{A8FE7397-4FDA-DBAC-A28B-733BD9984A75}.Debug|Any CPU.ActiveCfg = Debug|Any CPU
		{A8FE7397-4FDA-DBAC-A28B-733BD9984A75}.Debug|Any CPU.Build.0 = Debug|Any CPU
		{A8FE7397-4FDA-DBAC-A28B-733BD9984A75}.Release|Any CPU.ActiveCfg = Release|Any CPU
		{A8FE7397-4FDA-DBAC-A28B-733BD9984A75}.Release|Any CPU.Build.0 = Release|Any CPU
	EndGlobalSection
	GlobalSection(SolutionProperties) = preSolution
		HideSolutionNode = FALSE
	EndGlobalSection
EndGlobal
