Microsoft Visual Studio Solution File, Format Version 11.00
# Visual Studio 2008

Project("{BEB6809E-A499-B4EF-8FF2-C70A7C12E8DB}") = "unity_epson-100", "Assembly-CSharp-vs.csproj", "{9AAF7D39-9F8C-1138-9542-C521357425A2}"
EndProject
Project("{BEB6809E-A499-B4EF-8FF2-C70A7C12E8DB}") = "unity_epson-100", "Assembly-CSharp-Editor-vs.csproj", "{C925F297-2273-B2D3-97D7-950795AE1898}"
EndProject
Global
	GlobalSection(SolutionConfigurationPlatforms) = preSolution
		Debug|Any CPU = Debug|Any CPU
		Release|Any CPU = Release|Any CPU
	EndGlobalSection
	GlobalSection(ProjectConfigurationPlatforms) = postSolution
		{9AAF7D39-9F8C-1138-9542-C521357425A2}.Debug|Any CPU.ActiveCfg = Debug|Any CPU
		{9AAF7D39-9F8C-1138-9542-C521357425A2}.Debug|Any CPU.Build.0 = Debug|Any CPU
		{9AAF7D39-9F8C-1138-9542-C521357425A2}.Release|Any CPU.ActiveCfg = Release|Any CPU
		{9AAF7D39-9F8C-1138-9542-C521357425A2}.Release|Any CPU.Build.0 = Release|Any CPU
		{C925F297-2273-B2D3-97D7-950795AE1898}.Debug|Any CPU.ActiveCfg = Debug|Any CPU
		{C925F297-2273-B2D3-97D7-950795AE1898}.Debug|Any CPU.Build.0 = Debug|Any CPU
		{C925F297-2273-B2D3-97D7-950795AE1898}.Release|Any CPU.ActiveCfg = Release|Any CPU
		{C925F297-2273-B2D3-97D7-950795AE1898}.Release|Any CPU.Build.0 = Release|Any CPU
	EndGlobalSection
	GlobalSection(SolutionProperties) = preSolution
		HideSolutionNode = FALSE
	EndGlobalSection
														GlobalSection(MonoDevelopProperties) = preSolution
		StartupItem = Assembly-CSharp.csproj
		Policies = $0
		$0.TextStylePolicy = $1
		$1.inheritsSet = null
		$1.scope = text/x-csharp
		$0.CSharpFormattingPolicy = $2
		$2.inheritsSet = Mono
		$2.inheritsScope = text/x-csharp
		$2.scope = text/x-csharp
		$0.TextStylePolicy = $3
		$3.FileWidth = 120
		$3.TabWidth = 4
		$3.EolMarker = Unix
		$3.inheritsSet = Mono
		$3.inheritsScope = text/plain
		$3.scope = text/plain
	EndGlobalSection

EndGlobal
